
Microsoft Visual Studio Solution File, Format Version 12.00
# Visual Studio 15
VisualStudioVersion = 15.0.28307.136
MinimumVisualStudioVersion = 10.0.40219.1
Project("{FAE04EC0-301F-11D3-BF4B-00C04F79EFBC}") = "B03.EE.SchuermansEva.API", "B03.EE.SchuermansEva.API\B03.EE.SchuermansEva.API.csproj", "{354F0C75-4CD2-47A1-8335-970A17AEF86B}"
EndProject
Global
	GlobalSection(SolutionConfigurationPlatforms) = preSolution
		Debug|Any CPU = Debug|Any CPU
		Release|Any CPU = Release|Any CPU
	EndGlobalSection
	GlobalSection(ProjectConfigurationPlatforms) = postSolution
		{354F0C75-4CD2-47A1-8335-970A17AEF86B}.Debug|Any CPU.ActiveCfg = Debug|Any CPU
		{354F0C75-4CD2-47A1-8335-970A17AEF86B}.Debug|Any CPU.Build.0 = Debug|Any CPU
		{354F0C75-4CD2-47A1-8335-970A17AEF86B}.Release|Any CPU.ActiveCfg = Release|Any CPU
		{354F0C75-4CD2-47A1-8335-970A17AEF86B}.Release|Any CPU.Build.0 = Release|Any CPU
	EndGlobalSection
	GlobalSection(SolutionProperties) = preSolution
		HideSolutionNode = FALSE
	EndGlobalSection
	GlobalSection(ExtensibilityGlobals) = postSolution
		SolutionGuid = {5D65A91D-A271-4697-82D1-3F072B8DDEA9}
	EndGlobalSection
EndGlobal
