
Microsoft Visual Studio Solution File, Format Version 12.00
# Visual Studio 15
VisualStudioVersion = 15.0.28307.136
MinimumVisualStudioVersion = 10.0.40219.1
Project("{9A19103F-16F7-4668-BE54-9A1E7A4F7556}") = "B03.EE.SchuermansEva.Lib", "B03.EE.SchuermansEva.Lib\B03.EE.SchuermansEva.Lib.csproj", "{A1846540-C678-4E71-A370-6084BD364B2F}"
EndProject
Project("{9A19103F-16F7-4668-BE54-9A1E7A4F7556}") = "B03.EE.SchuermansEva.MVC", "B03.EE.SchuermansEva.MVC\B03.EE.SchuermansEva.MVC.csproj", "{0E23A1D1-04B0-48A1-81D5-2528A6133359}"
EndProject
Project("{9A19103F-16F7-4668-BE54-9A1E7A4F7556}") = "B03.EE.SchuermansEva.WebAPI", "B03.EE.SchuermansEva.WebAPI\B03.EE.SchuermansEva.WebAPI.csproj", "{447917ED-BFFA-4B2E-A43D-A7EBDA1363FF}"
EndProject
Global
	GlobalSection(SolutionConfigurationPlatforms) = preSolution
		Debug|Any CPU = Debug|Any CPU
		Release|Any CPU = Release|Any CPU
	EndGlobalSection
	GlobalSection(ProjectConfigurationPlatforms) = postSolution
		{A1846540-C678-4E71-A370-6084BD364B2F}.Debug|Any CPU.ActiveCfg = Debug|Any CPU
		{A1846540-C678-4E71-A370-6084BD364B2F}.Debug|Any CPU.Build.0 = Debug|Any CPU
		{A1846540-C678-4E71-A370-6084BD364B2F}.Release|Any CPU.ActiveCfg = Release|Any CPU
		{A1846540-C678-4E71-A370-6084BD364B2F}.Release|Any CPU.Build.0 = Release|Any CPU
		{0E23A1D1-04B0-48A1-81D5-2528A6133359}.Debug|Any CPU.ActiveCfg = Debug|Any CPU
		{0E23A1D1-04B0-48A1-81D5-2528A6133359}.Debug|Any CPU.Build.0 = Debug|Any CPU
		{0E23A1D1-04B0-48A1-81D5-2528A6133359}.Release|Any CPU.ActiveCfg = Release|Any CPU
		{0E23A1D1-04B0-48A1-81D5-2528A6133359}.Release|Any CPU.Build.0 = Release|Any CPU
		{447917ED-BFFA-4B2E-A43D-A7EBDA1363FF}.Debug|Any CPU.ActiveCfg = Debug|Any CPU
		{447917ED-BFFA-4B2E-A43D-A7EBDA1363FF}.Debug|Any CPU.Build.0 = Debug|Any CPU
		{447917ED-BFFA-4B2E-A43D-A7EBDA1363FF}.Release|Any CPU.ActiveCfg = Release|Any CPU
		{447917ED-BFFA-4B2E-A43D-A7EBDA1363FF}.Release|Any CPU.Build.0 = Release|Any CPU
	EndGlobalSection
	GlobalSection(SolutionProperties) = preSolution
		HideSolutionNode = FALSE
	EndGlobalSection
	GlobalSection(ExtensibilityGlobals) = postSolution
		SolutionGuid = {5D65A91D-A271-4697-82D1-3F072B8DDEA9}
	EndGlobalSection
EndGlobal
